// !$*UTF8*$!
{
	archiveVersion = 1;
	classes = {
	};
	objectVersion = 55;
	objects = {

/* Begin PBXBuildFile section */
		C726C19D27A436E100B91356 /* ModelSettings.swift in Sources */ = {isa = PBXBuildFile; fileRef = C726C19C27A436E100B91356 /* ModelSettings.swift */; };
		C7E61A7E27A29DBE001FBF79 /* AppDelegate.swift in Sources */ = {isa = PBXBuildFile; fileRef = C7E61A7D27A29DBE001FBF79 /* AppDelegate.swift */; };
		C7E61A8027A29DBE001FBF79 /* SceneDelegate.swift in Sources */ = {isa = PBXBuildFile; fileRef = C7E61A7F27A29DBE001FBF79 /* SceneDelegate.swift */; };
		C7E61A8227A29DBE001FBF79 /* ViewController.swift in Sources */ = {isa = PBXBuildFile; fileRef = C7E61A8127A29DBE001FBF79 /* ViewController.swift */; };
		C7E61A8527A29DBE001FBF79 /* Main.storyboard in Resources */ = {isa = PBXBuildFile; fileRef = C7E61A8327A29DBE001FBF79 /* Main.storyboard */; };
		C7E61A8727A29DC0001FBF79 /* Assets.xcassets in Resources */ = {isa = PBXBuildFile; fileRef = C7E61A8627A29DC0001FBF79 /* Assets.xcassets */; };
		C7E61A8A27A29DC0001FBF79 /* LaunchScreen.storyboard in Resources */ = {isa = PBXBuildFile; fileRef = C7E61A8827A29DC0001FBF79 /* LaunchScreen.storyboard */; };
		C7E61A9227A2D512001FBF79 /* SettingTableViewController.swift in Sources */ = {isa = PBXBuildFile; fileRef = C7E61A9127A2D512001FBF79 /* SettingTableViewController.swift */; };
		C7E61A9427A2E18A001FBF79 /* Answer.swift in Sources */ = {isa = PBXBuildFile; fileRef = C7E61A9327A2E18A001FBF79 /* Answer.swift */; };
		C7E61A9627A2E213001FBF79 /* Answers.swift in Sources */ = {isa = PBXBuildFile; fileRef = C7E61A9527A2E213001FBF79 /* Answers.swift */; };
/* End PBXBuildFile section */

/* Begin PBXFileReference section */
		C726C19C27A436E100B91356 /* ModelSettings.swift */ = {isa = PBXFileReference; lastKnownFileType = sourcecode.swift; path = ModelSettings.swift; sourceTree = "<group>"; };
		C7E61A7A27A29DBE001FBF79 /* Magic8Ball.app */ = {isa = PBXFileReference; explicitFileType = wrapper.application; includeInIndex = 0; path = Magic8Ball.app; sourceTree = BUILT_PRODUCTS_DIR; };
		C7E61A7D27A29DBE001FBF79 /* AppDelegate.swift */ = {isa = PBXFileReference; lastKnownFileType = sourcecode.swift; path = AppDelegate.swift; sourceTree = "<group>"; };
		C7E61A7F27A29DBE001FBF79 /* SceneDelegate.swift */ = {isa = PBXFileReference; lastKnownFileType = sourcecode.swift; path = SceneDelegate.swift; sourceTree = "<group>"; };
		C7E61A8127A29DBE001FBF79 /* ViewController.swift */ = {isa = PBXFileReference; lastKnownFileType = sourcecode.swift; path = ViewController.swift; sourceTree = "<group>"; };
		C7E61A8427A29DBE001FBF79 /* Base */ = {isa = PBXFileReference; lastKnownFileType = file.storyboard; name = Base; path = Base.lproj/Main.storyboard; sourceTree = "<group>"; };
		C7E61A8627A29DC0001FBF79 /* Assets.xcassets */ = {isa = PBXFileReference; lastKnownFileType = folder.assetcatalog; path = Assets.xcassets; sourceTree = "<group>"; };
		C7E61A8927A29DC0001FBF79 /* Base */ = {isa = PBXFileReference; lastKnownFileType = file.storyboard; name = Base; path = Base.lproj/LaunchScreen.storyboard; sourceTree = "<group>"; };
		C7E61A8B27A29DC0001FBF79 /* Info.plist */ = {isa = PBXFileReference; lastKnownFileType = text.plist.xml; path = Info.plist; sourceTree = "<group>"; };
		C7E61A9127A2D512001FBF79 /* SettingTableViewController.swift */ = {isa = PBXFileReference; lastKnownFileType = sourcecode.swift; path = SettingTableViewController.swift; sourceTree = "<group>"; };
		C7E61A9327A2E18A001FBF79 /* Answer.swift */ = {isa = PBXFileReference; lastKnownFileType = sourcecode.swift; path = Answer.swift; sourceTree = "<group>"; };
		C7E61A9527A2E213001FBF79 /* Answers.swift */ = {isa = PBXFileReference; lastKnownFileType = sourcecode.swift; path = Answers.swift; sourceTree = "<group>"; };
/* End PBXFileReference section */

/* Begin PBXFrameworksBuildPhase section */
		C7E61A7727A29DBE001FBF79 /* Frameworks */ = {
			isa = PBXFrameworksBuildPhase;
			buildActionMask = 2147483647;
			files = (
			);
			runOnlyForDeploymentPostprocessing = 0;
		};
/* End PBXFrameworksBuildPhase section */

/* Begin PBXGroup section */
		C726C19A27A4368800B91356 /* ModelJSON */ = {
			isa = PBXGroup;
			children = (
				C7E61A9327A2E18A001FBF79 /* Answer.swift */,
				C7E61A9527A2E213001FBF79 /* Answers.swift */,
			);
			path = ModelJSON;
			sourceTree = "<group>";
		};
		C726C19B27A436AF00B91356 /* Settings */ = {
			isa = PBXGroup;
			children = (
				C726C19C27A436E100B91356 /* ModelSettings.swift */,
			);
			path = Settings;
			sourceTree = "<group>";
		};
		C7E61A7127A29DBE001FBF79 = {
			isa = PBXGroup;
			children = (
				C7E61A7C27A29DBE001FBF79 /* Magic8Ball */,
				C7E61A7B27A29DBE001FBF79 /* Products */,
			);
			sourceTree = "<group>";
		};
		C7E61A7B27A29DBE001FBF79 /* Products */ = {
			isa = PBXGroup;
			children = (
				C7E61A7A27A29DBE001FBF79 /* Magic8Ball.app */,
			);
			name = Products;
			sourceTree = "<group>";
		};
		C7E61A7C27A29DBE001FBF79 /* Magic8Ball */ = {
			isa = PBXGroup;
			children = (
				C7F6D1E927A43AF4004446A6 /* Application */,
				C7F6D1EA27A43B0C004446A6 /* ViewControllers */,
				C726C19B27A436AF00B91356 /* Settings */,
				C726C19A27A4368800B91356 /* ModelJSON */,
				C7E61A8327A29DBE001FBF79 /* Main.storyboard */,
				C7E61A8827A29DC0001FBF79 /* LaunchScreen.storyboard */,
				C7E61A8627A29DC0001FBF79 /* Assets.xcassets */,
				C7E61A8B27A29DC0001FBF79 /* Info.plist */,
			);
			path = Magic8Ball;
			sourceTree = "<group>";
		};
		C7F6D1E927A43AF4004446A6 /* Application */ = {
			isa = PBXGroup;
			children = (
				C7E61A7D27A29DBE001FBF79 /* AppDelegate.swift */,
				C7E61A7F27A29DBE001FBF79 /* SceneDelegate.swift */,
			);
			path = Application;
			sourceTree = "<group>";
		};
		C7F6D1EA27A43B0C004446A6 /* ViewControllers */ = {
			isa = PBXGroup;
			children = (
				C7E61A8127A29DBE001FBF79 /* ViewController.swift */,
				C7E61A9127A2D512001FBF79 /* SettingTableViewController.swift */,
			);
			path = ViewControllers;
			sourceTree = "<group>";
		};
/* End PBXGroup section */

/* Begin PBXNativeTarget section */
		C7E61A7927A29DBE001FBF79 /* Magic8Ball */ = {
			isa = PBXNativeTarget;
			buildConfigurationList = C7E61A8E27A29DC0001FBF79 /* Build configuration list for PBXNativeTarget "Magic8Ball" */;
			buildPhases = (
				C7E61A7627A29DBE001FBF79 /* Sources */,
				C7E61A7727A29DBE001FBF79 /* Frameworks */,
				C7E61A7827A29DBE001FBF79 /* Resources */,
			);
			buildRules = (
			);
			dependencies = (
			);
			name = Magic8Ball;
			productName = Magic8Ball;
			productReference = C7E61A7A27A29DBE001FBF79 /* Magic8Ball.app */;
			productType = "com.apple.product-type.application";
		};
/* End PBXNativeTarget section */

/* Begin PBXProject section */
		C7E61A7227A29DBE001FBF79 /* Project object */ = {
			isa = PBXProject;
			attributes = {
				BuildIndependentTargetsInParallel = 1;
				LastSwiftUpdateCheck = 1320;
				LastUpgradeCheck = 1320;
				TargetAttributes = {
					C7E61A7927A29DBE001FBF79 = {
						CreatedOnToolsVersion = 13.2.1;
					};
				};
			};
			buildConfigurationList = C7E61A7527A29DBE001FBF79 /* Build configuration list for PBXProject "Magic8Ball" */;
			compatibilityVersion = "Xcode 13.0";
			developmentRegion = en;
			hasScannedForEncodings = 0;
			knownRegions = (
				en,
				Base,
			);
			mainGroup = C7E61A7127A29DBE001FBF79;
			productRefGroup = C7E61A7B27A29DBE001FBF79 /* Products */;
			projectDirPath = "";
			projectRoot = "";
			targets = (
				C7E61A7927A29DBE001FBF79 /* Magic8Ball */,
			);
		};
/* End PBXProject section */

/* Begin PBXResourcesBuildPhase section */
		C7E61A7827A29DBE001FBF79 /* Resources */ = {
			isa = PBXResourcesBuildPhase;
			buildActionMask = 2147483647;
			files = (
				C7E61A8A27A29DC0001FBF79 /* LaunchScreen.storyboard in Resources */,
				C7E61A8727A29DC0001FBF79 /* Assets.xcassets in Resources */,
				C7E61A8527A29DBE001FBF79 /* Main.storyboard in Resources */,
			);
			runOnlyForDeploymentPostprocessing = 0;
		};
/* End PBXResourcesBuildPhase section */

/* Begin PBXSourcesBuildPhase section */
		C7E61A7627A29DBE001FBF79 /* Sources */ = {
			isa = PBXSourcesBuildPhase;
			buildActionMask = 2147483647;
			files = (
				C7E61A9227A2D512001FBF79 /* SettingTableViewController.swift in Sources */,
				C7E61A9627A2E213001FBF79 /* Answers.swift in Sources */,
				C7E61A8227A29DBE001FBF79 /* ViewController.swift in Sources */,
				C7E61A9427A2E18A001FBF79 /* Answer.swift in Sources */,
				C726C19D27A436E100B91356 /* ModelSettings.swift in Sources */,
				C7E61A7E27A29DBE001FBF79 /* AppDelegate.swift in Sources */,
				C7E61A8027A29DBE001FBF79 /* SceneDelegate.swift in Sources */,
			);
			runOnlyForDeploymentPostprocessing = 0;
		};
/* End PBXSourcesBuildPhase section */

/* Begin PBXVariantGroup section */
		C7E61A8327A29DBE001FBF79 /* Main.storyboard */ = {
			isa = PBXVariantGroup;
			children = (
				C7E61A8427A29DBE001FBF79 /* Base */,
			);
			name = Main.storyboard;
			sourceTree = "<group>";
		};
		C7E61A8827A29DC0001FBF79 /* LaunchScreen.storyboard */ = {
			isa = PBXVariantGroup;
			children = (
				C7E61A8927A29DC0001FBF79 /* Base */,
			);
			name = LaunchScreen.storyboard;
			sourceTree = "<group>";
		};
/* End PBXVariantGroup section */

/* Begin XCBuildConfiguration section */
		C7E61A8C27A29DC0001FBF79 /* Debug */ = {
			isa = XCBuildConfiguration;
			buildSettings = {
				ALWAYS_SEARCH_USER_PATHS = NO;
				CLANG_ANALYZER_NONNULL = YES;
				CLANG_ANALYZER_NUMBER_OBJECT_CONVERSION = YES_AGGRESSIVE;
				CLANG_CXX_LANGUAGE_STANDARD = "gnu++17";
				CLANG_CXX_LIBRARY = "libc++";
				CLANG_ENABLE_MODULES = YES;
				CLANG_ENABLE_OBJC_ARC = YES;
				CLANG_ENABLE_OBJC_WEAK = YES;
				CLANG_WARN_BLOCK_CAPTURE_AUTORELEASING = YES;
				CLANG_WARN_BOOL_CONVERSION = YES;
				CLANG_WARN_COMMA = YES;
				CLANG_WARN_CONSTANT_CONVERSION = YES;
				CLANG_WARN_DEPRECATED_OBJC_IMPLEMENTATIONS = YES;
				CLANG_WARN_DIRECT_OBJC_ISA_USAGE = YES_ERROR;
				CLANG_WARN_DOCUMENTATION_COMMENTS = YES;
				CLANG_WARN_EMPTY_BODY = YES;
				CLANG_WARN_ENUM_CONVERSION = YES;
				CLANG_WARN_INFINITE_RECURSION = YES;
				CLANG_WARN_INT_CONVERSION = YES;
				CLANG_WARN_NON_LITERAL_NULL_CONVERSION = YES;
				CLANG_WARN_OBJC_IMPLICIT_RETAIN_SELF = YES;
				CLANG_WARN_OBJC_LITERAL_CONVERSION = YES;
				CLANG_WARN_OBJC_ROOT_CLASS = YES_ERROR;
				CLANG_WARN_QUOTED_INCLUDE_IN_FRAMEWORK_HEADER = YES;
				CLANG_WARN_RANGE_LOOP_ANALYSIS = YES;
				CLANG_WARN_STRICT_PROTOTYPES = YES;
				CLANG_WARN_SUSPICIOUS_MOVE = YES;
				CLANG_WARN_UNGUARDED_AVAILABILITY = YES_AGGRESSIVE;
				CLANG_WARN_UNREACHABLE_CODE = YES;
				CLANG_WARN__DUPLICATE_METHOD_MATCH = YES;
				COPY_PHASE_STRIP = NO;
				DEBUG_INFORMATION_FORMAT = dwarf;
				ENABLE_STRICT_OBJC_MSGSEND = YES;
				ENABLE_TESTABILITY = YES;
				GCC_C_LANGUAGE_STANDARD = gnu11;
				GCC_DYNAMIC_NO_PIC = NO;
				GCC_NO_COMMON_BLOCKS = YES;
				GCC_OPTIMIZATION_LEVEL = 0;
				GCC_PREPROCESSOR_DEFINITIONS = (
					"DEBUG=1",
					"$(inherited)",
				);
				GCC_WARN_64_TO_32_BIT_CONVERSION = YES;
				GCC_WARN_ABOUT_RETURN_TYPE = YES_ERROR;
				GCC_WARN_UNDECLARED_SELECTOR = YES;
				GCC_WARN_UNINITIALIZED_AUTOS = YES_AGGRESSIVE;
				GCC_WARN_UNUSED_FUNCTION = YES;
				GCC_WARN_UNUSED_VARIABLE = YES;
				IPHONEOS_DEPLOYMENT_TARGET = 15.2;
				MTL_ENABLE_DEBUG_INFO = INCLUDE_SOURCE;
				MTL_FAST_MATH = YES;
				ONLY_ACTIVE_ARCH = YES;
				SDKROOT = iphoneos;
				SWIFT_ACTIVE_COMPILATION_CONDITIONS = DEBUG;
				SWIFT_OPTIMIZATION_LEVEL = "-Onone";
			};
			name = Debug;
		};
		C7E61A8D27A29DC0001FBF79 /* Release */ = {
			isa = XCBuildConfiguration;
			buildSettings = {
				ALWAYS_SEARCH_USER_PATHS = NO;
				CLANG_ANALYZER_NONNULL = YES;
				CLANG_ANALYZER_NUMBER_OBJECT_CONVERSION = YES_AGGRESSIVE;
				CLANG_CXX_LANGUAGE_STANDARD = "gnu++17";
				CLANG_CXX_LIBRARY = "libc++";
				CLANG_ENABLE_MODULES = YES;
				CLANG_ENABLE_OBJC_ARC = YES;
				CLANG_ENABLE_OBJC_WEAK = YES;
				CLANG_WARN_BLOCK_CAPTURE_AUTORELEASING = YES;
				CLANG_WARN_BOOL_CONVERSION = YES;
				CLANG_WARN_COMMA = YES;
				CLANG_WARN_CONSTANT_CONVERSION = YES;
				CLANG_WARN_DEPRECATED_OBJC_IMPLEMENTATIONS = YES;
				CLANG_WARN_DIRECT_OBJC_ISA_USAGE = YES_ERROR;
				CLANG_WARN_DOCUMENTATION_COMMENTS = YES;
				CLANG_WARN_EMPTY_BODY = YES;
				CLANG_WARN_ENUM_CONVERSION = YES;
				CLANG_WARN_INFINITE_RECURSION = YES;
				CLANG_WARN_INT_CONVERSION = YES;
				CLANG_WARN_NON_LITERAL_NULL_CONVERSION = YES;
				CLANG_WARN_OBJC_IMPLICIT_RETAIN_SELF = YES;
				CLANG_WARN_OBJC_LITERAL_CONVERSION = YES;
				CLANG_WARN_OBJC_ROOT_CLASS = YES_ERROR;
				CLANG_WARN_QUOTED_INCLUDE_IN_FRAMEWORK_HEADER = YES;
				CLANG_WARN_RANGE_LOOP_ANALYSIS = YES;
				CLANG_WARN_STRICT_PROTOTYPES = YES;
				CLANG_WARN_SUSPICIOUS_MOVE = YES;
				CLANG_WARN_UNGUARDED_AVAILABILITY = YES_AGGRESSIVE;
				CLANG_WARN_UNREACHABLE_CODE = YES;
				CLANG_WARN__DUPLICATE_METHOD_MATCH = YES;
				COPY_PHASE_STRIP = NO;
				DEBUG_INFORMATION_FORMAT = "dwarf-with-dsym";
				ENABLE_NS_ASSERTIONS = NO;
				ENABLE_STRICT_OBJC_MSGSEND = YES;
				GCC_C_LANGUAGE_STANDARD = gnu11;
				GCC_NO_COMMON_BLOCKS = YES;
				GCC_WARN_64_TO_32_BIT_CONVERSION = YES;
				GCC_WARN_ABOUT_RETURN_TYPE = YES_ERROR;
				GCC_WARN_UNDECLARED_SELECTOR = YES;
				GCC_WARN_UNINITIALIZED_AUTOS = YES_AGGRESSIVE;
				GCC_WARN_UNUSED_FUNCTION = YES;
				GCC_WARN_UNUSED_VARIABLE = YES;
				IPHONEOS_DEPLOYMENT_TARGET = 15.2;
				MTL_ENABLE_DEBUG_INFO = NO;
				MTL_FAST_MATH = YES;
				SDKROOT = iphoneos;
				SWIFT_COMPILATION_MODE = wholemodule;
				SWIFT_OPTIMIZATION_LEVEL = "-O";
				VALIDATE_PRODUCT = YES;
			};
			name = Release;
		};
		C7E61A8F27A29DC0001FBF79 /* Debug */ = {
			isa = XCBuildConfiguration;
			buildSettings = {
				ASSETCATALOG_COMPILER_APPICON_NAME = AppIcon;
				ASSETCATALOG_COMPILER_GLOBAL_ACCENT_COLOR_NAME = AccentColor;
				CODE_SIGN_STYLE = Automatic;
				CURRENT_PROJECT_VERSION = 1;
				DEVELOPMENT_TEAM = WL843Y6GAK;
				GENERATE_INFOPLIST_FILE = YES;
				INFOPLIST_FILE = Magic8Ball/Info.plist;
				INFOPLIST_KEY_UIApplicationSupportsIndirectInputEvents = YES;
				INFOPLIST_KEY_UILaunchStoryboardName = LaunchScreen;
				INFOPLIST_KEY_UIMainStoryboardFile = Main;
				INFOPLIST_KEY_UISupportedInterfaceOrientations_iPad = "UIInterfaceOrientationPortrait UIInterfaceOrientationPortraitUpsideDown UIInterfaceOrientationLandscapeLeft UIInterfaceOrientationLandscapeRight";
				INFOPLIST_KEY_UISupportedInterfaceOrientations_iPhone = "UIInterfaceOrientationPortrait UIInterfaceOrientationLandscapeLeft UIInterfaceOrientationLandscapeRight";
				LD_RUNPATH_SEARCH_PATHS = (
					"$(inherited)",
					"@executable_path/Frameworks",
				);
				MARKETING_VERSION = 1.0;
				PRODUCT_BUNDLE_IDENTIFIER = com.albondarchuk.Magic8Ball;
				PRODUCT_NAME = "$(TARGET_NAME)";
				SWIFT_EMIT_LOC_STRINGS = YES;
				SWIFT_VERSION = 5.0;
				TARGETED_DEVICE_FAMILY = "1,2";
			};
			name = Debug;
		};
		C7E61A9027A29DC0001FBF79 /* Release */ = {
			isa = XCBuildConfiguration;
			buildSettings = {
				ASSETCATALOG_COMPILER_APPICON_NAME = AppIcon;
				ASSETCATALOG_COMPILER_GLOBAL_ACCENT_COLOR_NAME = AccentColor;
				CODE_SIGN_STYLE = Automatic;
				CURRENT_PROJECT_VERSION = 1;
				DEVELOPMENT_TEAM = WL843Y6GAK;
				GENERATE_INFOPLIST_FILE = YES;
				INFOPLIST_FILE = Magic8Ball/Info.plist;
				INFOPLIST_KEY_UIApplicationSupportsIndirectInputEvents = YES;
				INFOPLIST_KEY_UILaunchStoryboardName = LaunchScreen;
				INFOPLIST_KEY_UIMainStoryboardFile = Main;
				INFOPLIST_KEY_UISupportedInterfaceOrientations_iPad = "UIInterfaceOrientationPortrait UIInterfaceOrientationPortraitUpsideDown UIInterfaceOrientationLandscapeLeft UIInterfaceOrientationLandscapeRight";
				INFOPLIST_KEY_UISupportedInterfaceOrientations_iPhone = "UIInterfaceOrientationPortrait UIInterfaceOrientationLandscapeLeft UIInterfaceOrientationLandscapeRight";
				LD_RUNPATH_SEARCH_PATHS = (
					"$(inherited)",
					"@executable_path/Frameworks",
				);
				MARKETING_VERSION = 1.0;
				PRODUCT_BUNDLE_IDENTIFIER = com.albondarchuk.Magic8Ball;
				PRODUCT_NAME = "$(TARGET_NAME)";
				SWIFT_EMIT_LOC_STRINGS = YES;
				SWIFT_VERSION = 5.0;
				TARGETED_DEVICE_FAMILY = "1,2";
			};
			name = Release;
		};
/* End XCBuildConfiguration section */

/* Begin XCConfigurationList section */
		C7E61A7527A29DBE001FBF79 /* Build configuration list for PBXProject "Magic8Ball" */ = {
			isa = XCConfigurationList;
			buildConfigurations = (
				C7E61A8C27A29DC0001FBF79 /* Debug */,
				C7E61A8D27A29DC0001FBF79 /* Release */,
			);
			defaultConfigurationIsVisible = 0;
			defaultConfigurationName = Release;
		};
		C7E61A8E27A29DC0001FBF79 /* Build configuration list for PBXNativeTarget "Magic8Ball" */ = {
			isa = XCConfigurationList;
			buildConfigurations = (
				C7E61A8F27A29DC0001FBF79 /* Debug */,
				C7E61A9027A29DC0001FBF79 /* Release */,
			);
			defaultConfigurationIsVisible = 0;
			defaultConfigurationName = Release;
		};
/* End XCConfigurationList section */
	};
	rootObject = C7E61A7227A29DBE001FBF79 /* Project object */;
}
